
Microsoft Visual Studio Solution File, Format Version 12.00
# Visual Studio Version 16
VisualStudioVersion = 16.0.28729.10
MinimumVisualStudioVersion = 10.0.40219.1
Project("{9A19103F-16F7-4668-BE54-9A1E7A4F7556}") = "Tsarev.Analyzer.Hardcode.Url", "Tsarev.Analyzer.Hardcode.Url\Tsarev.Analyzer.Hardcode.Url.csproj", "{256757F2-DA1A-460B-B3B0-C412F7765C16}"
EndProject
Project("{9A19103F-16F7-4668-BE54-9A1E7A4F7556}") = "Tsarev.Analyzer.Hardcode.Url.Test", "UrlHardcodeAnalyzer.Test\Tsarev.Analyzer.Hardcode.Url.Test.csproj", "{7EF60AD1-739B-4F59-A4C9-DF70BE016460}"
EndProject
Project("{9A19103F-16F7-4668-BE54-9A1E7A4F7556}") = "Tsarev.Analyzer.TestHelpers", "Tsarev.Analyzer.TestHelpers\Tsarev.Analyzer.TestHelpers.csproj", "{7EF60AD1-739B-4F59-A4C9-DF70BE016461}"
EndProject
Project("{9A19103F-16F7-4668-BE54-9A1E7A4F7556}") = "Tsarev.Analyzer.Web", "Tsarev.Analyzer.Web\Tsarev.Analyzer.Web.csproj", "{14D5C137-73AD-4848-9C94-20340EAB466B}"
EndProject
Project("{9A19103F-16F7-4668-BE54-9A1E7A4F7556}") = "Tsarev.Analyzer.Helpers", "Tsarev.Analyzer.Helpers\Tsarev.Analyzer.Helpers.csproj", "{C408D80B-8A40-4B31-B894-941039EB12D0}"
EndProject
Project("{9A19103F-16F7-4668-BE54-9A1E7A4F7556}") = "Tsarev.Analyzer.Web.Test", "Tsarev.Analyzer.Web.Test\Tsarev.Analyzer.Web.Test.csproj", "{244E02C2-9DAA-4F34-AA5D-5EF305219ADB}"
EndProject
Project("{2150E333-8FDC-42A3-9474-1A3956D46DE8}") = "Solution Items", "Solution Items", "{456FDA75-295D-4446-8A26-55066E46B24A}"
	ProjectSection(SolutionItems) = preProject
		.editorconfig = .editorconfig
		appveyor.yml = appveyor.yml
		azure-pipelines.yml = azure-pipelines.yml
		Directory.Build.props = Directory.Build.props
		Directory.Build.targets = Directory.Build.targets
	EndProjectSection
EndProject
Project("{9A19103F-16F7-4668-BE54-9A1E7A4F7556}") = "Tsarev.Analyzer.Hardcode.Guid", "Tsarev.Analyzer.Hardcode.Guid\Tsarev.Analyzer.Hardcode.Guid.csproj", "{F985F745-8C23-4268-AB4B-49895EA465C1}"
EndProject
Project("{9A19103F-16F7-4668-BE54-9A1E7A4F7556}") = "Tsarev.Analyzer.Hardcode.Guid.Test", "Tsarev.Analyzer.Hardcode.Guid.Test\Tsarev.Analyzer.Hardcode.Guid.Test.csproj", "{A9EDEBB1-8D09-43D3-B0DD-B7D78F405E85}"
EndProject
Project("{2150E333-8FDC-42A3-9474-1A3956D46DE8}") = "Common", "Common", "{A4C875FB-2038-438D-97CF-2953A2F89473}"
EndProject
Project("{2150E333-8FDC-42A3-9474-1A3956D46DE8}") = "Hardcode", "Hardcode", "{06D9E499-7167-4C8F-A6EC-3A1390C0F79E}"
EndProject
Project("{9A19103F-16F7-4668-BE54-9A1E7A4F7556}") = "Tsarev.Analyzer.Hardcode.Email", "Tsarev.Analyzer.Hardcode.Email\Tsarev.Analyzer.Hardcode.Email.csproj", "{F75815ED-B3B6-4A9B-B06E-9625B8F4D13A}"
EndProject
Project("{9A19103F-16F7-4668-BE54-9A1E7A4F7556}") = "Tsarev.Analyzer.Hardcode.Email.Test", "Tsarev.Analyzer.Hardcode.Email.Test\Tsarev.Analyzer.Hardcode.Email.Test.csproj", "{4E74A79F-74BC-49CF-9330-C1EAFCE07E42}"
EndProject
Global
	GlobalSection(SolutionConfigurationPlatforms) = preSolution
		Debug|Any CPU = Debug|Any CPU
		Release|Any CPU = Release|Any CPU
	EndGlobalSection
	GlobalSection(ProjectConfigurationPlatforms) = postSolution
		{256757F2-DA1A-460B-B3B0-C412F7765C16}.Debug|Any CPU.ActiveCfg = Debug|Any CPU
		{256757F2-DA1A-460B-B3B0-C412F7765C16}.Debug|Any CPU.Build.0 = Debug|Any CPU
		{256757F2-DA1A-460B-B3B0-C412F7765C16}.Release|Any CPU.ActiveCfg = Release|Any CPU
		{256757F2-DA1A-460B-B3B0-C412F7765C16}.Release|Any CPU.Build.0 = Release|Any CPU
		{7EF60AD1-739B-4F59-A4C9-DF70BE016460}.Debug|Any CPU.ActiveCfg = Debug|Any CPU
		{7EF60AD1-739B-4F59-A4C9-DF70BE016460}.Debug|Any CPU.Build.0 = Debug|Any CPU
		{7EF60AD1-739B-4F59-A4C9-DF70BE016460}.Release|Any CPU.ActiveCfg = Release|Any CPU
		{7EF60AD1-739B-4F59-A4C9-DF70BE016460}.Release|Any CPU.Build.0 = Release|Any CPU
		{7EF60AD1-739B-4F59-A4C9-DF70BE016461}.Debug|Any CPU.ActiveCfg = Debug|Any CPU
		{7EF60AD1-739B-4F59-A4C9-DF70BE016461}.Debug|Any CPU.Build.0 = Debug|Any CPU
		{7EF60AD1-739B-4F59-A4C9-DF70BE016461}.Release|Any CPU.ActiveCfg = Release|Any CPU
		{7EF60AD1-739B-4F59-A4C9-DF70BE016461}.Release|Any CPU.Build.0 = Release|Any CPU
		{14D5C137-73AD-4848-9C94-20340EAB466B}.Debug|Any CPU.ActiveCfg = Debug|Any CPU
		{14D5C137-73AD-4848-9C94-20340EAB466B}.Debug|Any CPU.Build.0 = Debug|Any CPU
		{14D5C137-73AD-4848-9C94-20340EAB466B}.Release|Any CPU.ActiveCfg = Release|Any CPU
		{14D5C137-73AD-4848-9C94-20340EAB466B}.Release|Any CPU.Build.0 = Release|Any CPU
		{C408D80B-8A40-4B31-B894-941039EB12D0}.Debug|Any CPU.ActiveCfg = Debug|Any CPU
		{C408D80B-8A40-4B31-B894-941039EB12D0}.Debug|Any CPU.Build.0 = Debug|Any CPU
		{C408D80B-8A40-4B31-B894-941039EB12D0}.Release|Any CPU.ActiveCfg = Release|Any CPU
		{C408D80B-8A40-4B31-B894-941039EB12D0}.Release|Any CPU.Build.0 = Release|Any CPU
		{244E02C2-9DAA-4F34-AA5D-5EF305219ADB}.Debug|Any CPU.ActiveCfg = Debug|Any CPU
		{244E02C2-9DAA-4F34-AA5D-5EF305219ADB}.Debug|Any CPU.Build.0 = Debug|Any CPU
		{244E02C2-9DAA-4F34-AA5D-5EF305219ADB}.Release|Any CPU.ActiveCfg = Release|Any CPU
		{244E02C2-9DAA-4F34-AA5D-5EF305219ADB}.Release|Any CPU.Build.0 = Release|Any CPU
		{F985F745-8C23-4268-AB4B-49895EA465C1}.Debug|Any CPU.ActiveCfg = Debug|Any CPU
		{F985F745-8C23-4268-AB4B-49895EA465C1}.Debug|Any CPU.Build.0 = Debug|Any CPU
		{F985F745-8C23-4268-AB4B-49895EA465C1}.Release|Any CPU.ActiveCfg = Release|Any CPU
		{F985F745-8C23-4268-AB4B-49895EA465C1}.Release|Any CPU.Build.0 = Release|Any CPU
		{A9EDEBB1-8D09-43D3-B0DD-B7D78F405E85}.Debug|Any CPU.ActiveCfg = Debug|Any CPU
		{A9EDEBB1-8D09-43D3-B0DD-B7D78F405E85}.Debug|Any CPU.Build.0 = Debug|Any CPU
		{A9EDEBB1-8D09-43D3-B0DD-B7D78F405E85}.Release|Any CPU.ActiveCfg = Release|Any CPU
		{A9EDEBB1-8D09-43D3-B0DD-B7D78F405E85}.Release|Any CPU.Build.0 = Release|Any CPU
		{F75815ED-B3B6-4A9B-B06E-9625B8F4D13A}.Debug|Any CPU.ActiveCfg = Debug|Any CPU
		{F75815ED-B3B6-4A9B-B06E-9625B8F4D13A}.Debug|Any CPU.Build.0 = Debug|Any CPU
		{F75815ED-B3B6-4A9B-B06E-9625B8F4D13A}.Release|Any CPU.ActiveCfg = Release|Any CPU
		{F75815ED-B3B6-4A9B-B06E-9625B8F4D13A}.Release|Any CPU.Build.0 = Release|Any CPU
		{4E74A79F-74BC-49CF-9330-C1EAFCE07E42}.Debug|Any CPU.ActiveCfg = Debug|Any CPU
		{4E74A79F-74BC-49CF-9330-C1EAFCE07E42}.Debug|Any CPU.Build.0 = Debug|Any CPU
		{4E74A79F-74BC-49CF-9330-C1EAFCE07E42}.Release|Any CPU.ActiveCfg = Release|Any CPU
		{4E74A79F-74BC-49CF-9330-C1EAFCE07E42}.Release|Any CPU.Build.0 = Release|Any CPU
	EndGlobalSection
	GlobalSection(SolutionProperties) = preSolution
		HideSolutionNode = FALSE
	EndGlobalSection
	GlobalSection(NestedProjects) = preSolution
		{256757F2-DA1A-460B-B3B0-C412F7765C16} = {06D9E499-7167-4C8F-A6EC-3A1390C0F79E}
		{7EF60AD1-739B-4F59-A4C9-DF70BE016460} = {06D9E499-7167-4C8F-A6EC-3A1390C0F79E}
		{7EF60AD1-739B-4F59-A4C9-DF70BE016461} = {A4C875FB-2038-438D-97CF-2953A2F89473}
		{C408D80B-8A40-4B31-B894-941039EB12D0} = {A4C875FB-2038-438D-97CF-2953A2F89473}
		{F985F745-8C23-4268-AB4B-49895EA465C1} = {06D9E499-7167-4C8F-A6EC-3A1390C0F79E}
		{A9EDEBB1-8D09-43D3-B0DD-B7D78F405E85} = {06D9E499-7167-4C8F-A6EC-3A1390C0F79E}
		{F75815ED-B3B6-4A9B-B06E-9625B8F4D13A} = {06D9E499-7167-4C8F-A6EC-3A1390C0F79E}
		{4E74A79F-74BC-49CF-9330-C1EAFCE07E42} = {06D9E499-7167-4C8F-A6EC-3A1390C0F79E}
	EndGlobalSection
	GlobalSection(ExtensibilityGlobals) = postSolution
		SolutionGuid = {258BBC45-DDE4-4FD5-A63C-52D794F3BDD3}
	EndGlobalSection
EndGlobal
