
Microsoft Visual Studio Solution File, Format Version 12.00
# Visual Studio 14
VisualStudioVersion = 14.0.25420.1
MinimumVisualStudioVersion = 10.0.40219.1
Project("{FAE04EC0-301F-11D3-BF4B-00C04F79EFBC}") = "UrlHardcodeAnalyzer", "UrlHardcodeAnalyzer\UrlHardcodeAnalyzer\UrlHardcodeAnalyzer.csproj", "{256757F2-DA1A-460B-B3B0-C412F7765C16}"
EndProject
Project("{FAE04EC0-301F-11D3-BF4B-00C04F79EFBC}") = "UrlHardcodeAnalyzer.Test", "UrlHardcodeAnalyzer\UrlHardcodeAnalyzer.Test\UrlHardcodeAnalyzer.Test.csproj", "{7EF60AD1-739B-4F59-A4C9-DF70BE016460}"
EndProject
Project("{FAE04EC0-301F-11D3-BF4B-00C04F79EFBC}") = "Analyzer.TestHelpers", "UrlHardcodeAnalyzer\Analyzer.TestHelpers\Analyzer.TestHelpers.csproj", "{7EF60AD1-739B-4F59-A4C9-DF70BE016461}"
EndProject
Global
	GlobalSection(SolutionConfigurationPlatforms) = preSolution
		Debug|Any CPU = Debug|Any CPU
		Release|Any CPU = Release|Any CPU
	EndGlobalSection
	GlobalSection(ProjectConfigurationPlatforms) = postSolution
		{256757F2-DA1A-460B-B3B0-C412F7765C16}.Debug|Any CPU.ActiveCfg = Debug|Any CPU
		{256757F2-DA1A-460B-B3B0-C412F7765C16}.Debug|Any CPU.Build.0 = Debug|Any CPU
		{256757F2-DA1A-460B-B3B0-C412F7765C16}.Release|Any CPU.ActiveCfg = Release|Any CPU
		{256757F2-DA1A-460B-B3B0-C412F7765C16}.Release|Any CPU.Build.0 = Release|Any CPU
		{7EF60AD1-739B-4F59-A4C9-DF70BE016460}.Debug|Any CPU.ActiveCfg = Debug|Any CPU
		{7EF60AD1-739B-4F59-A4C9-DF70BE016460}.Debug|Any CPU.Build.0 = Debug|Any CPU
		{7EF60AD1-739B-4F59-A4C9-DF70BE016460}.Release|Any CPU.ActiveCfg = Release|Any CPU
		{7EF60AD1-739B-4F59-A4C9-DF70BE016460}.Release|Any CPU.Build.0 = Release|Any CPU
		{7EF60AD1-739B-4F59-A4C9-DF70BE016461}.Debug|Any CPU.ActiveCfg = Debug|Any CPU
		{7EF60AD1-739B-4F59-A4C9-DF70BE016461}.Debug|Any CPU.Build.0 = Debug|Any CPU
		{7EF60AD1-739B-4F59-A4C9-DF70BE016461}.Release|Any CPU.ActiveCfg = Release|Any CPU
		{7EF60AD1-739B-4F59-A4C9-DF70BE016461}.Release|Any CPU.Build.0 = Release|Any CPU
	EndGlobalSection
	GlobalSection(SolutionProperties) = preSolution
		HideSolutionNode = FALSE
	EndGlobalSection
EndGlobal
